
Microsoft Visual Studio Solution File, Format Version 12.00
# Visual Studio Version 16
VisualStudioVersion = 16.0.30114.105
MinimumVisualStudioVersion = 10.0.40219.1
Project("{FAE04EC0-301F-11D3-BF4B-00C04F79EFBC}") = "Vet.WebApi", "Vet.WebApi\Vet.WebApi.csproj", "{DFCFFAD0-2D60-422F-BEF4-90CBB24FB7CC}"
EndProject
Project("{FAE04EC0-301F-11D3-BF4B-00C04F79EFBC}") = "Vet.BusinessLogicInterface", "Vet.BusinessLogicInterface\Vet.BusinessLogicInterface.csproj", "{7C645780-84EE-436E-A1F3-2A8F4AA4EAAB}"
EndProject
Project("{FAE04EC0-301F-11D3-BF4B-00C04F79EFBC}") = "Vet.BusinessLogic", "Vet.BusinessLogic\Vet.BusinessLogic.csproj", "{9A145F9D-FE80-480A-B5F9-497F2002971A}"
EndProject
Project("{FAE04EC0-301F-11D3-BF4B-00C04F79EFBC}") = "Vet.Domain", "Vet.Domain\Vet.Domain.csproj", "{669269E3-257C-445C-8CBD-F4B0464F18DF}"
EndProject
Global
	GlobalSection(SolutionConfigurationPlatforms) = preSolution
		Debug|Any CPU = Debug|Any CPU
		Debug|x64 = Debug|x64
		Debug|x86 = Debug|x86
		Release|Any CPU = Release|Any CPU
		Release|x64 = Release|x64
		Release|x86 = Release|x86
	EndGlobalSection
	GlobalSection(SolutionProperties) = preSolution
		HideSolutionNode = FALSE
	EndGlobalSection
	GlobalSection(ProjectConfigurationPlatforms) = postSolution
		{DFCFFAD0-2D60-422F-BEF4-90CBB24FB7CC}.Debug|Any CPU.ActiveCfg = Debug|Any CPU
		{DFCFFAD0-2D60-422F-BEF4-90CBB24FB7CC}.Debug|Any CPU.Build.0 = Debug|Any CPU
		{DFCFFAD0-2D60-422F-BEF4-90CBB24FB7CC}.Debug|x64.ActiveCfg = Debug|Any CPU
		{DFCFFAD0-2D60-422F-BEF4-90CBB24FB7CC}.Debug|x64.Build.0 = Debug|Any CPU
		{DFCFFAD0-2D60-422F-BEF4-90CBB24FB7CC}.Debug|x86.ActiveCfg = Debug|Any CPU
		{DFCFFAD0-2D60-422F-BEF4-90CBB24FB7CC}.Debug|x86.Build.0 = Debug|Any CPU
		{DFCFFAD0-2D60-422F-BEF4-90CBB24FB7CC}.Release|Any CPU.ActiveCfg = Release|Any CPU
		{DFCFFAD0-2D60-422F-BEF4-90CBB24FB7CC}.Release|Any CPU.Build.0 = Release|Any CPU
		{DFCFFAD0-2D60-422F-BEF4-90CBB24FB7CC}.Release|x64.ActiveCfg = Release|Any CPU
		{DFCFFAD0-2D60-422F-BEF4-90CBB24FB7CC}.Release|x64.Build.0 = Release|Any CPU
		{DFCFFAD0-2D60-422F-BEF4-90CBB24FB7CC}.Release|x86.ActiveCfg = Release|Any CPU
		{DFCFFAD0-2D60-422F-BEF4-90CBB24FB7CC}.Release|x86.Build.0 = Release|Any CPU
		{7C645780-84EE-436E-A1F3-2A8F4AA4EAAB}.Debug|Any CPU.ActiveCfg = Debug|Any CPU
		{7C645780-84EE-436E-A1F3-2A8F4AA4EAAB}.Debug|Any CPU.Build.0 = Debug|Any CPU
		{7C645780-84EE-436E-A1F3-2A8F4AA4EAAB}.Debug|x64.ActiveCfg = Debug|Any CPU
		{7C645780-84EE-436E-A1F3-2A8F4AA4EAAB}.Debug|x64.Build.0 = Debug|Any CPU
		{7C645780-84EE-436E-A1F3-2A8F4AA4EAAB}.Debug|x86.ActiveCfg = Debug|Any CPU
		{7C645780-84EE-436E-A1F3-2A8F4AA4EAAB}.Debug|x86.Build.0 = Debug|Any CPU
		{7C645780-84EE-436E-A1F3-2A8F4AA4EAAB}.Release|Any CPU.ActiveCfg = Release|Any CPU
		{7C645780-84EE-436E-A1F3-2A8F4AA4EAAB}.Release|Any CPU.Build.0 = Release|Any CPU
		{7C645780-84EE-436E-A1F3-2A8F4AA4EAAB}.Release|x64.ActiveCfg = Release|Any CPU
		{7C645780-84EE-436E-A1F3-2A8F4AA4EAAB}.Release|x64.Build.0 = Release|Any CPU
		{7C645780-84EE-436E-A1F3-2A8F4AA4EAAB}.Release|x86.ActiveCfg = Release|Any CPU
		{7C645780-84EE-436E-A1F3-2A8F4AA4EAAB}.Release|x86.Build.0 = Release|Any CPU
		{9A145F9D-FE80-480A-B5F9-497F2002971A}.Debug|Any CPU.ActiveCfg = Debug|Any CPU
		{9A145F9D-FE80-480A-B5F9-497F2002971A}.Debug|Any CPU.Build.0 = Debug|Any CPU
		{9A145F9D-FE80-480A-B5F9-497F2002971A}.Debug|x64.ActiveCfg = Debug|Any CPU
		{9A145F9D-FE80-480A-B5F9-497F2002971A}.Debug|x64.Build.0 = Debug|Any CPU
		{9A145F9D-FE80-480A-B5F9-497F2002971A}.Debug|x86.ActiveCfg = Debug|Any CPU
		{9A145F9D-FE80-480A-B5F9-497F2002971A}.Debug|x86.Build.0 = Debug|Any CPU
		{9A145F9D-FE80-480A-B5F9-497F2002971A}.Release|Any CPU.ActiveCfg = Release|Any CPU
		{9A145F9D-FE80-480A-B5F9-497F2002971A}.Release|Any CPU.Build.0 = Release|Any CPU
		{9A145F9D-FE80-480A-B5F9-497F2002971A}.Release|x64.ActiveCfg = Release|Any CPU
		{9A145F9D-FE80-480A-B5F9-497F2002971A}.Release|x64.Build.0 = Release|Any CPU
		{9A145F9D-FE80-480A-B5F9-497F2002971A}.Release|x86.ActiveCfg = Release|Any CPU
		{9A145F9D-FE80-480A-B5F9-497F2002971A}.Release|x86.Build.0 = Release|Any CPU
		{669269E3-257C-445C-8CBD-F4B0464F18DF}.Debug|Any CPU.ActiveCfg = Debug|Any CPU
		{669269E3-257C-445C-8CBD-F4B0464F18DF}.Debug|Any CPU.Build.0 = Debug|Any CPU
		{669269E3-257C-445C-8CBD-F4B0464F18DF}.Debug|x64.ActiveCfg = Debug|Any CPU
		{669269E3-257C-445C-8CBD-F4B0464F18DF}.Debug|x64.Build.0 = Debug|Any CPU
		{669269E3-257C-445C-8CBD-F4B0464F18DF}.Debug|x86.ActiveCfg = Debug|Any CPU
		{669269E3-257C-445C-8CBD-F4B0464F18DF}.Debug|x86.Build.0 = Debug|Any CPU
		{669269E3-257C-445C-8CBD-F4B0464F18DF}.Release|Any CPU.ActiveCfg = Release|Any CPU
		{669269E3-257C-445C-8CBD-F4B0464F18DF}.Release|Any CPU.Build.0 = Release|Any CPU
		{669269E3-257C-445C-8CBD-F4B0464F18DF}.Release|x64.ActiveCfg = Release|Any CPU
		{669269E3-257C-445C-8CBD-F4B0464F18DF}.Release|x64.Build.0 = Release|Any CPU
		{669269E3-257C-445C-8CBD-F4B0464F18DF}.Release|x86.ActiveCfg = Release|Any CPU
		{669269E3-257C-445C-8CBD-F4B0464F18DF}.Release|x86.Build.0 = Release|Any CPU
	EndGlobalSection
EndGlobal
